// !$*UTF8*$!
{
	archiveVersion = 1;
	classes = {
	};
	objectVersion = 46;
	objects = {

/* Begin PBXBuildFile section */
		28E8BB8C1BFE0E2E00782534 /* main.m in Sources */ = {isa = PBXBuildFile; fileRef = 28E8BB8B1BFE0E2E00782534 /* main.m */; };
		28E8BB8F1BFE0E2E00782534 /* AppDelegate.m in Sources */ = {isa = PBXBuildFile; fileRef = 28E8BB8E1BFE0E2E00782534 /* AppDelegate.m */; };
		28E8BB921BFE0E2E00782534 /* ViewController.m in Sources */ = {isa = PBXBuildFile; fileRef = 28E8BB911BFE0E2E00782534 /* ViewController.m */; };
		28E8BB951BFE0E2E00782534 /* Main.storyboard in Resources */ = {isa = PBXBuildFile; fileRef = 28E8BB931BFE0E2E00782534 /* Main.storyboard */; };
		28E8BB971BFE0E2E00782534 /* Assets.xcassets in Resources */ = {isa = PBXBuildFile; fileRef = 28E8BB961BFE0E2E00782534 /* Assets.xcassets */; };
		28E8BB9A1BFE0E2E00782534 /* LaunchScreen.storyboard in Resources */ = {isa = PBXBuildFile; fileRef = 28E8BB981BFE0E2E00782534 /* LaunchScreen.storyboard */; };
		28E8BBA51BFE0E2E00782534 /* IOSMapExampleTests.m in Sources */ = {isa = PBXBuildFile; fileRef = 28E8BBA41BFE0E2E00782534 /* IOSMapExampleTests.m */; };
		28E8BBB01BFE0E2E00782534 /* IOSMapExampleUITests.m in Sources */ = {isa = PBXBuildFile; fileRef = 28E8BBAF1BFE0E2E00782534 /* IOSMapExampleUITests.m */; };
/* End PBXBuildFile section */

/* Begin PBXContainerItemProxy section */
		28E8BBA11BFE0E2E00782534 /* PBXContainerItemProxy */ = {
			isa = PBXContainerItemProxy;
			containerPortal = 28E8BB7F1BFE0E2E00782534 /* Project object */;
			proxyType = 1;
			remoteGlobalIDString = 28E8BB861BFE0E2E00782534;
			remoteInfo = IOSMapExample;
		};
		28E8BBAC1BFE0E2E00782534 /* PBXContainerItemProxy */ = {
			isa = PBXContainerItemProxy;
			containerPortal = 28E8BB7F1BFE0E2E00782534 /* Project object */;
			proxyType = 1;
			remoteGlobalIDString = 28E8BB861BFE0E2E00782534;
			remoteInfo = IOSMapExample;
		};
/* End PBXContainerItemProxy section */

/* Begin PBXFileReference section */
		28E8BB871BFE0E2E00782534 /* IOSMapExample.app */ = {isa = PBXFileReference; explicitFileType = wrapper.application; includeInIndex = 0; path = IOSMapExample.app; sourceTree = BUILT_PRODUCTS_DIR; };
		28E8BB8B1BFE0E2E00782534 /* main.m */ = {isa = PBXFileReference; lastKnownFileType = sourcecode.c.objc; path = main.m; sourceTree = "<group>"; };
		28E8BB8D1BFE0E2E00782534 /* AppDelegate.h */ = {isa = PBXFileReference; lastKnownFileType = sourcecode.c.h; path = AppDelegate.h; sourceTree = "<group>"; };
		28E8BB8E1BFE0E2E00782534 /* AppDelegate.m */ = {isa = PBXFileReference; lastKnownFileType = sourcecode.c.objc; path = AppDelegate.m; sourceTree = "<group>"; };
		28E8BB901BFE0E2E00782534 /* ViewController.h */ = {isa = PBXFileReference; lastKnownFileType = sourcecode.c.h; path = ViewController.h; sourceTree = "<group>"; };
		28E8BB911BFE0E2E00782534 /* ViewController.m */ = {isa = PBXFileReference; lastKnownFileType = sourcecode.c.objc; path = ViewController.m; sourceTree = "<group>"; };
		28E8BB941BFE0E2E00782534 /* Base */ = {isa = PBXFileReference; lastKnownFileType = file.storyboard; name = Base; path = Base.lproj/Main.storyboard; sourceTree = "<group>"; };
		28E8BB961BFE0E2E00782534 /* Assets.xcassets */ = {isa = PBXFileReference; lastKnownFileType = folder.assetcatalog; path = Assets.xcassets; sourceTree = "<group>"; };
		28E8BB991BFE0E2E00782534 /* Base */ = {isa = PBXFileReference; lastKnownFileType = file.storyboard; name = Base; path = Base.lproj/LaunchScreen.storyboard; sourceTree = "<group>"; };
		28E8BB9B1BFE0E2E00782534 /* Info.plist */ = {isa = PBXFileReference; lastKnownFileType = text.plist.xml; path = Info.plist; sourceTree = "<group>"; };
		28E8BBA01BFE0E2E00782534 /* IOSMapExampleTests.xctest */ = {isa = PBXFileReference; explicitFileType = wrapper.cfbundle; includeInIndex = 0; path = IOSMapExampleTests.xctest; sourceTree = BUILT_PRODUCTS_DIR; };
		28E8BBA41BFE0E2E00782534 /* IOSMapExampleTests.m */ = {isa = PBXFileReference; lastKnownFileType = sourcecode.c.objc; path = IOSMapExampleTests.m; sourceTree = "<group>"; };
		28E8BBA61BFE0E2E00782534 /* Info.plist */ = {isa = PBXFileReference; lastKnownFileType = text.plist.xml; path = Info.plist; sourceTree = "<group>"; };
		28E8BBAB1BFE0E2E00782534 /* IOSMapExampleUITests.xctest */ = {isa = PBXFileReference; explicitFileType = wrapper.cfbundle; includeInIndex = 0; path = IOSMapExampleUITests.xctest; sourceTree = BUILT_PRODUCTS_DIR; };
		28E8BBAF1BFE0E2E00782534 /* IOSMapExampleUITests.m */ = {isa = PBXFileReference; lastKnownFileType = sourcecode.c.objc; path = IOSMapExampleUITests.m; sourceTree = "<group>"; };
		28E8BBB11BFE0E2E00782534 /* Info.plist */ = {isa = PBXFileReference; lastKnownFileType = text.plist.xml; path = Info.plist; sourceTree = "<group>"; };
/* End PBXFileReference section */

/* Begin PBXFrameworksBuildPhase section */
		28E8BB841BFE0E2E00782534 /* Frameworks */ = {
			isa = PBXFrameworksBuildPhase;
			buildActionMask = 2147483647;
			files = (
			);
			runOnlyForDeploymentPostprocessing = 0;
		};
		28E8BB9D1BFE0E2E00782534 /* Frameworks */ = {
			isa = PBXFrameworksBuildPhase;
			buildActionMask = 2147483647;
			files = (
			);
			runOnlyForDeploymentPostprocessing = 0;
		};
		28E8BBA81BFE0E2E00782534 /* Frameworks */ = {
			isa = PBXFrameworksBuildPhase;
			buildActionMask = 2147483647;
			files = (
			);
			runOnlyForDeploymentPostprocessing = 0;
		};
/* End PBXFrameworksBuildPhase section */

/* Begin PBXGroup section */
		28E8BB7E1BFE0E2E00782534 = {
			isa = PBXGroup;
			children = (
				28E8BB891BFE0E2E00782534 /* IOSMapExample */,
				28E8BBA31BFE0E2E00782534 /* IOSMapExampleTests */,
				28E8BBAE1BFE0E2E00782534 /* IOSMapExampleUITests */,
				28E8BB881BFE0E2E00782534 /* Products */,
			);
			sourceTree = "<group>";
		};
		28E8BB881BFE0E2E00782534 /* Products */ = {
			isa = PBXGroup;
			children = (
				28E8BB871BFE0E2E00782534 /* IOSMapExample.app */,
				28E8BBA01BFE0E2E00782534 /* IOSMapExampleTests.xctest */,
				28E8BBAB1BFE0E2E00782534 /* IOSMapExampleUITests.xctest */,
			);
			name = Products;
			sourceTree = "<group>";
		};
		28E8BB891BFE0E2E00782534 /* IOSMapExample */ = {
			isa = PBXGroup;
			children = (
				28E8BB8D1BFE0E2E00782534 /* AppDelegate.h */,
				28E8BB8E1BFE0E2E00782534 /* AppDelegate.m */,
				28E8BB901BFE0E2E00782534 /* ViewController.h */,
				28E8BB911BFE0E2E00782534 /* ViewController.m */,
				28E8BB931BFE0E2E00782534 /* Main.storyboard */,
				28E8BB961BFE0E2E00782534 /* Assets.xcassets */,
				28E8BB981BFE0E2E00782534 /* LaunchScreen.storyboard */,
				28E8BB9B1BFE0E2E00782534 /* Info.plist */,
				28E8BB8A1BFE0E2E00782534 /* Supporting Files */,
			);
			path = IOSMapExample;
			sourceTree = "<group>";
		};
		28E8BB8A1BFE0E2E00782534 /* Supporting Files */ = {
			isa = PBXGroup;
			children = (
				28E8BB8B1BFE0E2E00782534 /* main.m */,
			);
			name = "Supporting Files";
			sourceTree = "<group>";
		};
		28E8BBA31BFE0E2E00782534 /* IOSMapExampleTests */ = {
			isa = PBXGroup;
			children = (
				28E8BBA41BFE0E2E00782534 /* IOSMapExampleTests.m */,
				28E8BBA61BFE0E2E00782534 /* Info.plist */,
			);
			path = IOSMapExampleTests;
			sourceTree = "<group>";
		};
		28E8BBAE1BFE0E2E00782534 /* IOSMapExampleUITests */ = {
			isa = PBXGroup;
			children = (
				28E8BBAF1BFE0E2E00782534 /* IOSMapExampleUITests.m */,
				28E8BBB11BFE0E2E00782534 /* Info.plist */,
			);
			path = IOSMapExampleUITests;
			sourceTree = "<group>";
		};
/* End PBXGroup section */

/* Begin PBXNativeTarget section */
		28E8BB861BFE0E2E00782534 /* IOSMapExample */ = {
			isa = PBXNativeTarget;
			buildConfigurationList = 28E8BBB41BFE0E2E00782534 /* Build configuration list for PBXNativeTarget "IOSMapExample" */;
			buildPhases = (
				28E8BB831BFE0E2E00782534 /* Sources */,
				28E8BB841BFE0E2E00782534 /* Frameworks */,
				28E8BB851BFE0E2E00782534 /* Resources */,
			);
			buildRules = (
			);
			dependencies = (
			);
			name = IOSMapExample;
			productName = IOSMapExample;
			productReference = 28E8BB871BFE0E2E00782534 /* IOSMapExample.app */;
			productType = "com.apple.product-type.application";
		};
		28E8BB9F1BFE0E2E00782534 /* IOSMapExampleTests */ = {
			isa = PBXNativeTarget;
			buildConfigurationList = 28E8BBB71BFE0E2E00782534 /* Build configuration list for PBXNativeTarget "IOSMapExampleTests" */;
			buildPhases = (
				28E8BB9C1BFE0E2E00782534 /* Sources */,
				28E8BB9D1BFE0E2E00782534 /* Frameworks */,
				28E8BB9E1BFE0E2E00782534 /* Resources */,
			);
			buildRules = (
			);
			dependencies = (
				28E8BBA21BFE0E2E00782534 /* PBXTargetDependency */,
			);
			name = IOSMapExampleTests;
			productName = IOSMapExampleTests;
			productReference = 28E8BBA01BFE0E2E00782534 /* IOSMapExampleTests.xctest */;
			productType = "com.apple.product-type.bundle.unit-test";
		};
		28E8BBAA1BFE0E2E00782534 /* IOSMapExampleUITests */ = {
			isa = PBXNativeTarget;
			buildConfigurationList = 28E8BBBA1BFE0E2E00782534 /* Build configuration list for PBXNativeTarget "IOSMapExampleUITests" */;
			buildPhases = (
				28E8BBA71BFE0E2E00782534 /* Sources */,
				28E8BBA81BFE0E2E00782534 /* Frameworks */,
				28E8BBA91BFE0E2E00782534 /* Resources */,
			);
			buildRules = (
			);
			dependencies = (
				28E8BBAD1BFE0E2E00782534 /* PBXTargetDependency */,
			);
			name = IOSMapExampleUITests;
			productName = IOSMapExampleUITests;
			productReference = 28E8BBAB1BFE0E2E00782534 /* IOSMapExampleUITests.xctest */;
			productType = "com.apple.product-type.bundle.ui-testing";
		};
/* End PBXNativeTarget section */

/* Begin PBXProject section */
		28E8BB7F1BFE0E2E00782534 /* Project object */ = {
			isa = PBXProject;
			attributes = {
				LastUpgradeCheck = 0710;
				ORGANIZATIONNAME = "cagatay emekci";
				TargetAttributes = {
					28E8BB861BFE0E2E00782534 = {
						CreatedOnToolsVersion = 7.1.1;
					};
					28E8BB9F1BFE0E2E00782534 = {
						CreatedOnToolsVersion = 7.1.1;
						TestTargetID = 28E8BB861BFE0E2E00782534;
					};
					28E8BBAA1BFE0E2E00782534 = {
						CreatedOnToolsVersion = 7.1.1;
						TestTargetID = 28E8BB861BFE0E2E00782534;
					};
				};
			};
			buildConfigurationList = 28E8BB821BFE0E2E00782534 /* Build configuration list for PBXProject "IOSMapExample" */;
			compatibilityVersion = "Xcode 3.2";
			developmentRegion = English;
			hasScannedForEncodings = 0;
			knownRegions = (
				en,
				Base,
			);
			mainGroup = 28E8BB7E1BFE0E2E00782534;
			productRefGroup = 28E8BB881BFE0E2E00782534 /* Products */;
			projectDirPath = "";
			projectRoot = "";
			targets = (
				28E8BB861BFE0E2E00782534 /* IOSMapExample */,
				28E8BB9F1BFE0E2E00782534 /* IOSMapExampleTests */,
				28E8BBAA1BFE0E2E00782534 /* IOSMapExampleUITests */,
			);
		};
/* End PBXProject section */

/* Begin PBXResourcesBuildPhase section */
		28E8BB851BFE0E2E00782534 /* Resources */ = {
			isa = PBXResourcesBuildPhase;
			buildActionMask = 2147483647;
			files = (
				28E8BB9A1BFE0E2E00782534 /* LaunchScreen.storyboard in Resources */,
				28E8BB971BFE0E2E00782534 /* Assets.xcassets in Resources */,
				28E8BB951BFE0E2E00782534 /* Main.storyboard in Resources */,
			);
			runOnlyForDeploymentPostprocessing = 0;
		};
		28E8BB9E1BFE0E2E00782534 /* Resources */ = {
			isa = PBXResourcesBuildPhase;
			buildActionMask = 2147483647;
			files = (
			);
			runOnlyForDeploymentPostprocessing = 0;
		};
		28E8BBA91BFE0E2E00782534 /* Resources */ = {
			isa = PBXResourcesBuildPhase;
			buildActionMask = 2147483647;
			files = (
			);
			runOnlyForDeploymentPostprocessing = 0;
		};
/* End PBXResourcesBuildPhase section */

/* Begin PBXSourcesBuildPhase section */
		28E8BB831BFE0E2E00782534 /* Sources */ = {
			isa = PBXSourcesBuildPhase;
			buildActionMask = 2147483647;
			files = (
				28E8BB921BFE0E2E00782534 /* ViewController.m in Sources */,
				28E8BB8F1BFE0E2E00782534 /* AppDelegate.m in Sources */,
				28E8BB8C1BFE0E2E00782534 /* main.m in Sources */,
			);
			runOnlyForDeploymentPostprocessing = 0;
		};
		28E8BB9C1BFE0E2E00782534 /* Sources */ = {
			isa = PBXSourcesBuildPhase;
			buildActionMask = 2147483647;
			files = (
				28E8BBA51BFE0E2E00782534 /* IOSMapExampleTests.m in Sources */,
			);
			runOnlyForDeploymentPostprocessing = 0;
		};
		28E8BBA71BFE0E2E00782534 /* Sources */ = {
			isa = PBXSourcesBuildPhase;
			buildActionMask = 2147483647;
			files = (
				28E8BBB01BFE0E2E00782534 /* IOSMapExampleUITests.m in Sources */,
			);
			runOnlyForDeploymentPostprocessing = 0;
		};
/* End PBXSourcesBuildPhase section */

/* Begin PBXTargetDependency section */
		28E8BBA21BFE0E2E00782534 /* PBXTargetDependency */ = {
			isa = PBXTargetDependency;
			target = 28E8BB861BFE0E2E00782534 /* IOSMapExample */;
			targetProxy = 28E8BBA11BFE0E2E00782534 /* PBXContainerItemProxy */;
		};
		28E8BBAD1BFE0E2E00782534 /* PBXTargetDependency */ = {
			isa = PBXTargetDependency;
			target = 28E8BB861BFE0E2E00782534 /* IOSMapExample */;
			targetProxy = 28E8BBAC1BFE0E2E00782534 /* PBXContainerItemProxy */;
		};
/* End PBXTargetDependency section */

/* Begin PBXVariantGroup section */
		28E8BB931BFE0E2E00782534 /* Main.storyboard */ = {
			isa = PBXVariantGroup;
			children = (
				28E8BB941BFE0E2E00782534 /* Base */,
			);
			name = Main.storyboard;
			sourceTree = "<group>";
		};
		28E8BB981BFE0E2E00782534 /* LaunchScreen.storyboard */ = {
			isa = PBXVariantGroup;
			children = (
				28E8BB991BFE0E2E00782534 /* Base */,
			);
			name = LaunchScreen.storyboard;
			sourceTree = "<group>";
		};
/* End PBXVariantGroup section */

/* Begin XCBuildConfiguration section */
		28E8BBB21BFE0E2E00782534 /* Debug */ = {
			isa = XCBuildConfiguration;
			buildSettings = {
				ALWAYS_SEARCH_USER_PATHS = NO;
				CLANG_CXX_LANGUAGE_STANDARD = "gnu++0x";
				CLANG_CXX_LIBRARY = "libc++";
				CLANG_ENABLE_MODULES = YES;
				CLANG_ENABLE_OBJC_ARC = YES;
				CLANG_WARN_BOOL_CONVERSION = YES;
				CLANG_WARN_CONSTANT_CONVERSION = YES;
				CLANG_WARN_DIRECT_OBJC_ISA_USAGE = YES_ERROR;
				CLANG_WARN_EMPTY_BODY = YES;
				CLANG_WARN_ENUM_CONVERSION = YES;
				CLANG_WARN_INT_CONVERSION = YES;
				CLANG_WARN_OBJC_ROOT_CLASS = YES_ERROR;
				CLANG_WARN_UNREACHABLE_CODE = YES;
				CLANG_WARN__DUPLICATE_METHOD_MATCH = YES;
				"CODE_SIGN_IDENTITY[sdk=iphoneos*]" = "iPhone Developer";
				COPY_PHASE_STRIP = NO;
				DEBUG_INFORMATION_FORMAT = dwarf;
				ENABLE_STRICT_OBJC_MSGSEND = YES;
				ENABLE_TESTABILITY = YES;
				GCC_C_LANGUAGE_STANDARD = gnu99;
				GCC_DYNAMIC_NO_PIC = NO;
				GCC_NO_COMMON_BLOCKS = YES;
				GCC_OPTIMIZATION_LEVEL = 0;
				GCC_PREPROCESSOR_DEFINITIONS = (
					"DEBUG=1",
					"$(inherited)",
				);
				GCC_WARN_64_TO_32_BIT_CONVERSION = YES;
				GCC_WARN_ABOUT_RETURN_TYPE = YES_ERROR;
				GCC_WARN_UNDECLARED_SELECTOR = YES;
				GCC_WARN_UNINITIALIZED_AUTOS = YES_AGGRESSIVE;
				GCC_WARN_UNUSED_FUNCTION = YES;
				GCC_WARN_UNUSED_VARIABLE = YES;
				IPHONEOS_DEPLOYMENT_TARGET = 9.1;
				MTL_ENABLE_DEBUG_INFO = YES;
				ONLY_ACTIVE_ARCH = YES;
				SDKROOT = iphoneos;
				TARGETED_DEVICE_FAMILY = "1,2";
			};
			name = Debug;
		};
		28E8BBB31BFE0E2E00782534 /* Release */ = {
			isa = XCBuildConfiguration;
			buildSettings = {
				ALWAYS_SEARCH_USER_PATHS = NO;
				CLANG_CXX_LANGUAGE_STANDARD = "gnu++0x";
				CLANG_CXX_LIBRARY = "libc++";
				CLANG_ENABLE_MODULES = YES;
				CLANG_ENABLE_OBJC_ARC = YES;
				CLANG_WARN_BOOL_CONVERSION = YES;
				CLANG_WARN_CONSTANT_CONVERSION = YES;
				CLANG_WARN_DIRECT_OBJC_ISA_USAGE = YES_ERROR;
				CLANG_WARN_EMPTY_BODY = YES;
				CLANG_WARN_ENUM_CONVERSION = YES;
				CLANG_WARN_INT_CONVERSION = YES;
				CLANG_WARN_OBJC_ROOT_CLASS = YES_ERROR;
				CLANG_WARN_UNREACHABLE_CODE = YES;
				CLANG_WARN__DUPLICATE_METHOD_MATCH = YES;
				"CODE_SIGN_IDENTITY[sdk=iphoneos*]" = "iPhone Developer";
				COPY_PHASE_STRIP = NO;
				DEBUG_INFORMATION_FORMAT = "dwarf-with-dsym";
				ENABLE_NS_ASSERTIONS = NO;
				ENABLE_STRICT_OBJC_MSGSEND = YES;
				GCC_C_LANGUAGE_STANDARD = gnu99;
				GCC_NO_COMMON_BLOCKS = YES;
				GCC_WARN_64_TO_32_BIT_CONVERSION = YES;
				GCC_WARN_ABOUT_RETURN_TYPE = YES_ERROR;
				GCC_WARN_UNDECLARED_SELECTOR = YES;
				GCC_WARN_UNINITIALIZED_AUTOS = YES_AGGRESSIVE;
				GCC_WARN_UNUSED_FUNCTION = YES;
				GCC_WARN_UNUSED_VARIABLE = YES;
				IPHONEOS_DEPLOYMENT_TARGET = 9.1;
				MTL_ENABLE_DEBUG_INFO = NO;
				SDKROOT = iphoneos;
				TARGETED_DEVICE_FAMILY = "1,2";
				VALIDATE_PRODUCT = YES;
			};
			name = Release;
		};
		28E8BBB51BFE0E2E00782534 /* Debug */ = {
			isa = XCBuildConfiguration;
			buildSettings = {
				ASSETCATALOG_COMPILER_APPICON_NAME = AppIcon;
				INFOPLIST_FILE = IOSMapExample/Info.plist;
				LD_RUNPATH_SEARCH_PATHS = "$(inherited) @executable_path/Frameworks";
				PRODUCT_BUNDLE_IDENTIFIER = com.LongPressGestureRecognizer.IOSMapExample;
				PRODUCT_NAME = "$(TARGET_NAME)";
			};
			name = Debug;
		};
		28E8BBB61BFE0E2E00782534 /* Release */ = {
			isa = XCBuildConfiguration;
			buildSettings = {
				ASSETCATALOG_COMPILER_APPICON_NAME = AppIcon;
				INFOPLIST_FILE = IOSMapExample/Info.plist;
				LD_RUNPATH_SEARCH_PATHS = "$(inherited) @executable_path/Frameworks";
				PRODUCT_BUNDLE_IDENTIFIER = com.LongPressGestureRecognizer.IOSMapExample;
				PRODUCT_NAME = "$(TARGET_NAME)";
			};
			name = Release;
		};
		28E8BBB81BFE0E2E00782534 /* Debug */ = {
			isa = XCBuildConfiguration;
			buildSettings = {
				BUNDLE_LOADER = "$(TEST_HOST)";
				INFOPLIST_FILE = IOSMapExampleTests/Info.plist;
				LD_RUNPATH_SEARCH_PATHS = "$(inherited) @executable_path/Frameworks @loader_path/Frameworks";
				PRODUCT_BUNDLE_IDENTIFIER = com.LongPressGestureRecognizer.IOSMapExampleTests;
				PRODUCT_NAME = "$(TARGET_NAME)";
				TEST_HOST = "$(BUILT_PRODUCTS_DIR)/IOSMapExample.app/IOSMapExample";
			};
			name = Debug;
		};
		28E8BBB91BFE0E2E00782534 /* Release */ = {
			isa = XCBuildConfiguration;
			buildSettings = {
				BUNDLE_LOADER = "$(TEST_HOST)";
				INFOPLIST_FILE = IOSMapExampleTests/Info.plist;
				LD_RUNPATH_SEARCH_PATHS = "$(inherited) @executable_path/Frameworks @loader_path/Frameworks";
				PRODUCT_BUNDLE_IDENTIFIER = com.LongPressGestureRecognizer.IOSMapExampleTests;
				PRODUCT_NAME = "$(TARGET_NAME)";
				TEST_HOST = "$(BUILT_PRODUCTS_DIR)/IOSMapExample.app/IOSMapExample";
			};
			name = Release;
		};
		28E8BBBB1BFE0E2E00782534 /* Debug */ = {
			isa = XCBuildConfiguration;
			buildSettings = {
				INFOPLIST_FILE = IOSMapExampleUITests/Info.plist;
				LD_RUNPATH_SEARCH_PATHS = "$(inherited) @executable_path/Frameworks @loader_path/Frameworks";
				PRODUCT_BUNDLE_IDENTIFIER = com.LongPressGestureRecognizer.IOSMapExampleUITests;
				PRODUCT_NAME = "$(TARGET_NAME)";
				TEST_TARGET_NAME = IOSMapExample;
				USES_XCTRUNNER = YES;
			};
			name = Debug;
		};
		28E8BBBC1BFE0E2E00782534 /* Release */ = {
			isa = XCBuildConfiguration;
			buildSettings = {
				INFOPLIST_FILE = IOSMapExampleUITests/Info.plist;
				LD_RUNPATH_SEARCH_PATHS = "$(inherited) @executable_path/Frameworks @loader_path/Frameworks";
				PRODUCT_BUNDLE_IDENTIFIER = com.LongPressGestureRecognizer.IOSMapExampleUITests;
				PRODUCT_NAME = "$(TARGET_NAME)";
				TEST_TARGET_NAME = IOSMapExample;
				USES_XCTRUNNER = YES;
			};
			name = Release;
		};
/* End XCBuildConfiguration section */

/* Begin XCConfigurationList section */
		28E8BB821BFE0E2E00782534 /* Build configuration list for PBXProject "IOSMapExample" */ = {
			isa = XCConfigurationList;
			buildConfigurations = (
				28E8BBB21BFE0E2E00782534 /* Debug */,
				28E8BBB31BFE0E2E00782534 /* Release */,
			);
			defaultConfigurationIsVisible = 0;
			defaultConfigurationName = Release;
		};
		28E8BBB41BFE0E2E00782534 /* Build configuration list for PBXNativeTarget "IOSMapExample" */ = {
			isa = XCConfigurationList;
			buildConfigurations = (
				28E8BBB51BFE0E2E00782534 /* Debug */,
				28E8BBB61BFE0E2E00782534 /* Release */,
			);
			defaultConfigurationIsVisible = 0;
		};
		28E8BBB71BFE0E2E00782534 /* Build configuration list for PBXNativeTarget "IOSMapExampleTests" */ = {
			isa = XCConfigurationList;
			buildConfigurations = (
				28E8BBB81BFE0E2E00782534 /* Debug */,
				28E8BBB91BFE0E2E00782534 /* Release */,
			);
			defaultConfigurationIsVisible = 0;
		};
		28E8BBBA1BFE0E2E00782534 /* Build configuration list for PBXNativeTarget "IOSMapExampleUITests" */ = {
			isa = XCConfigurationList;
			buildConfigurations = (
				28E8BBBB1BFE0E2E00782534 /* Debug */,
				28E8BBBC1BFE0E2E00782534 /* Release */,
			);
			defaultConfigurationIsVisible = 0;
		};
/* End XCConfigurationList section */
	};
	rootObject = 28E8BB7F1BFE0E2E00782534 /* Project object */;
}
